
Microsoft Visual Studio Solution File, Format Version 12.00
# Visual Studio 15
VisualStudioVersion = 15.0.28307.421
MinimumVisualStudioVersion = 10.0.40219.1
Project("{9A19103F-16F7-4668-BE54-9A1E7A4F7556}") = "Osram.Bim.Resource.Api", "Osram.Bim.Resource.Api\Osram.Bim.Resource.Api.csproj", "{889DAE0A-63FE-4988-8BEF-E8C96F6DE91B}"
EndProject
Project("{9A19103F-16F7-4668-BE54-9A1E7A4F7556}") = "Osram.Bim.Resource.Api.BusinessLogic", "Osram.Bim.Resource.Api.BusinessLogic\Osram.Bim.Resource.Api.BusinessLogic.csproj", "{886373DD-72DC-49D6-80CA-E4AEDADFCAF9}"
EndProject
Project("{9A19103F-16F7-4668-BE54-9A1E7A4F7556}") = "Osram.Bim.Resource.Storage", "Osram.Bim.Resource.Storage\Osram.Bim.Resource.Storage.csproj", "{5E0CFF64-7D57-48BA-9CF0-906E67D51CCF}"
EndProject
Global
	GlobalSection(SolutionConfigurationPlatforms) = preSolution
		Debug|Any CPU = Debug|Any CPU
		Release|Any CPU = Release|Any CPU
	EndGlobalSection
	GlobalSection(ProjectConfigurationPlatforms) = postSolution
		{889DAE0A-63FE-4988-8BEF-E8C96F6DE91B}.Debug|Any CPU.ActiveCfg = Debug|Any CPU
		{889DAE0A-63FE-4988-8BEF-E8C96F6DE91B}.Debug|Any CPU.Build.0 = Debug|Any CPU
		{889DAE0A-63FE-4988-8BEF-E8C96F6DE91B}.Release|Any CPU.ActiveCfg = Release|Any CPU
		{889DAE0A-63FE-4988-8BEF-E8C96F6DE91B}.Release|Any CPU.Build.0 = Release|Any CPU
		{886373DD-72DC-49D6-80CA-E4AEDADFCAF9}.Debug|Any CPU.ActiveCfg = Debug|Any CPU
		{886373DD-72DC-49D6-80CA-E4AEDADFCAF9}.Debug|Any CPU.Build.0 = Debug|Any CPU
		{886373DD-72DC-49D6-80CA-E4AEDADFCAF9}.Release|Any CPU.ActiveCfg = Release|Any CPU
		{886373DD-72DC-49D6-80CA-E4AEDADFCAF9}.Release|Any CPU.Build.0 = Release|Any CPU
		{5E0CFF64-7D57-48BA-9CF0-906E67D51CCF}.Debug|Any CPU.ActiveCfg = Debug|Any CPU
		{5E0CFF64-7D57-48BA-9CF0-906E67D51CCF}.Debug|Any CPU.Build.0 = Debug|Any CPU
		{5E0CFF64-7D57-48BA-9CF0-906E67D51CCF}.Release|Any CPU.ActiveCfg = Release|Any CPU
		{5E0CFF64-7D57-48BA-9CF0-906E67D51CCF}.Release|Any CPU.Build.0 = Release|Any CPU
	EndGlobalSection
	GlobalSection(SolutionProperties) = preSolution
		HideSolutionNode = FALSE
	EndGlobalSection
	GlobalSection(ExtensibilityGlobals) = postSolution
		SolutionGuid = {797E5CC6-441B-48AD-A6F2-4E66B19C60EE}
	EndGlobalSection
EndGlobal
